// !$*UTF8*$!
{
	archiveVersion = 1;
	classes = {
	};
	objectVersion = 50;
	objects = {

/* Begin PBXBuildFile section */
		258112B4254317BF007FCE3C /* AppDelegate.swift in Sources */ = {isa = PBXBuildFile; fileRef = 258112B3254317BF007FCE3C /* AppDelegate.swift */; };
		258112B6254317BF007FCE3C /* SceneDelegate.swift in Sources */ = {isa = PBXBuildFile; fileRef = 258112B5254317BF007FCE3C /* SceneDelegate.swift */; };
		258112B8254317BF007FCE3C /* ViewController.swift in Sources */ = {isa = PBXBuildFile; fileRef = 258112B7254317BF007FCE3C /* ViewController.swift */; };
		258112BB254317BF007FCE3C /* Main.storyboard in Resources */ = {isa = PBXBuildFile; fileRef = 258112B9254317BF007FCE3C /* Main.storyboard */; };
		258112BD254317C2007FCE3C /* Assets.xcassets in Resources */ = {isa = PBXBuildFile; fileRef = 258112BC254317C2007FCE3C /* Assets.xcassets */; };
		258112C0254317C2007FCE3C /* LaunchScreen.storyboard in Resources */ = {isa = PBXBuildFile; fileRef = 258112BE254317C2007FCE3C /* LaunchScreen.storyboard */; };
		258112C925431C50007FCE3C /* ImageLibraryHelper.swift in Sources */ = {isa = PBXBuildFile; fileRef = 258112C825431C50007FCE3C /* ImageLibraryHelper.swift */; };
		258112DA2545D342007FCE3C /* EXIFStats.swift in Sources */ = {isa = PBXBuildFile; fileRef = 258112D92545D342007FCE3C /* EXIFStats.swift */; };
		259D9625254867B8009B90AA /* EXIFTableViewController.swift in Sources */ = {isa = PBXBuildFile; fileRef = 259D9624254867B8009B90AA /* EXIFTableViewController.swift */; };
/* End PBXBuildFile section */

/* Begin PBXFileReference section */
		258112B0254317BF007FCE3C /* EXIFReader.app */ = {isa = PBXFileReference; explicitFileType = wrapper.application; includeInIndex = 0; path = EXIFReader.app; sourceTree = BUILT_PRODUCTS_DIR; };
		258112B3254317BF007FCE3C /* AppDelegate.swift */ = {isa = PBXFileReference; lastKnownFileType = sourcecode.swift; path = AppDelegate.swift; sourceTree = "<group>"; };
		258112B5254317BF007FCE3C /* SceneDelegate.swift */ = {isa = PBXFileReference; lastKnownFileType = sourcecode.swift; path = SceneDelegate.swift; sourceTree = "<group>"; };
		258112B7254317BF007FCE3C /* ViewController.swift */ = {isa = PBXFileReference; lastKnownFileType = sourcecode.swift; path = ViewController.swift; sourceTree = "<group>"; };
		258112BA254317BF007FCE3C /* Base */ = {isa = PBXFileReference; lastKnownFileType = file.storyboard; name = Base; path = Base.lproj/Main.storyboard; sourceTree = "<group>"; };
		258112BC254317C2007FCE3C /* Assets.xcassets */ = {isa = PBXFileReference; lastKnownFileType = folder.assetcatalog; path = Assets.xcassets; sourceTree = "<group>"; };
		258112BF254317C2007FCE3C /* Base */ = {isa = PBXFileReference; lastKnownFileType = file.storyboard; name = Base; path = Base.lproj/LaunchScreen.storyboard; sourceTree = "<group>"; };
		258112C1254317C2007FCE3C /* Info.plist */ = {isa = PBXFileReference; lastKnownFileType = text.plist.xml; path = Info.plist; sourceTree = "<group>"; };
		258112C825431C50007FCE3C /* ImageLibraryHelper.swift */ = {isa = PBXFileReference; lastKnownFileType = sourcecode.swift; path = ImageLibraryHelper.swift; sourceTree = "<group>"; };
		258112D92545D342007FCE3C /* EXIFStats.swift */ = {isa = PBXFileReference; lastKnownFileType = sourcecode.swift; name = EXIFStats.swift; path = ../../ExifReader/EXIFReader/EXIFStats.swift; sourceTree = "<group>"; };
		259D9624254867B8009B90AA /* EXIFTableViewController.swift */ = {isa = PBXFileReference; lastKnownFileType = sourcecode.swift; path = EXIFTableViewController.swift; sourceTree = "<group>"; };
/* End PBXFileReference section */

/* Begin PBXFrameworksBuildPhase section */
		258112AD254317BF007FCE3C /* Frameworks */ = {
			isa = PBXFrameworksBuildPhase;
			buildActionMask = 2147483647;
			files = (
			);
			runOnlyForDeploymentPostprocessing = 0;
		};
/* End PBXFrameworksBuildPhase section */

/* Begin PBXGroup section */
		258112A7254317BF007FCE3C = {
			isa = PBXGroup;
			children = (
				258112B2254317BF007FCE3C /* EXIFReader */,
				258112B1254317BF007FCE3C /* Products */,
			);
			sourceTree = "<group>";
		};
		258112B1254317BF007FCE3C /* Products */ = {
			isa = PBXGroup;
			children = (
				258112B0254317BF007FCE3C /* EXIFReader.app */,
			);
			name = Products;
			sourceTree = "<group>";
		};
		258112B2254317BF007FCE3C /* EXIFReader */ = {
			isa = PBXGroup;
			children = (
				258112B3254317BF007FCE3C /* AppDelegate.swift */,
				258112D92545D342007FCE3C /* EXIFStats.swift */,
				259D9624254867B8009B90AA /* EXIFTableViewController.swift */,
				258112C825431C50007FCE3C /* ImageLibraryHelper.swift */,
				258112B5254317BF007FCE3C /* SceneDelegate.swift */,
				258112B7254317BF007FCE3C /* ViewController.swift */,
				258112B9254317BF007FCE3C /* Main.storyboard */,
				258112BC254317C2007FCE3C /* Assets.xcassets */,
				258112BE254317C2007FCE3C /* LaunchScreen.storyboard */,
				258112C1254317C2007FCE3C /* Info.plist */,
			);
			path = EXIFReader;
			sourceTree = "<group>";
		};
/* End PBXGroup section */

/* Begin PBXNativeTarget section */
		258112AF254317BF007FCE3C /* EXIFReader */ = {
			isa = PBXNativeTarget;
			buildConfigurationList = 258112C4254317C2007FCE3C /* Build configuration list for PBXNativeTarget "EXIFReader" */;
			buildPhases = (
				258112AC254317BF007FCE3C /* Sources */,
				258112AD254317BF007FCE3C /* Frameworks */,
				258112AE254317BF007FCE3C /* Resources */,
			);
			buildRules = (
			);
			dependencies = (
			);
			name = EXIFReader;
			productName = ExifReader;
			productReference = 258112B0254317BF007FCE3C /* EXIFReader.app */;
			productType = "com.apple.product-type.application";
		};
/* End PBXNativeTarget section */

/* Begin PBXProject section */
		258112A8254317BF007FCE3C /* Project object */ = {
			isa = PBXProject;
			attributes = {
				LastSwiftUpdateCheck = 1210;
				LastUpgradeCheck = 1210;
				TargetAttributes = {
					258112AF254317BF007FCE3C = {
						CreatedOnToolsVersion = 12.1;
					};
				};
			};
			buildConfigurationList = 258112AB254317BF007FCE3C /* Build configuration list for PBXProject "EXIFReader" */;
			compatibilityVersion = "Xcode 9.3";
			developmentRegion = en;
			hasScannedForEncodings = 0;
			knownRegions = (
				en,
				Base,
			);
			mainGroup = 258112A7254317BF007FCE3C;
			productRefGroup = 258112B1254317BF007FCE3C /* Products */;
			projectDirPath = "";
			projectRoot = "";
			targets = (
				258112AF254317BF007FCE3C /* EXIFReader */,
			);
		};
/* End PBXProject section */

/* Begin PBXResourcesBuildPhase section */
		258112AE254317BF007FCE3C /* Resources */ = {
			isa = PBXResourcesBuildPhase;
			buildActionMask = 2147483647;
			files = (
				258112C0254317C2007FCE3C /* LaunchScreen.storyboard in Resources */,
				258112BD254317C2007FCE3C /* Assets.xcassets in Resources */,
				258112BB254317BF007FCE3C /* Main.storyboard in Resources */,
			);
			runOnlyForDeploymentPostprocessing = 0;
		};
/* End PBXResourcesBuildPhase section */

/* Begin PBXSourcesBuildPhase section */
		258112AC254317BF007FCE3C /* Sources */ = {
			isa = PBXSourcesBuildPhase;
			buildActionMask = 2147483647;
			files = (
				258112DA2545D342007FCE3C /* EXIFStats.swift in Sources */,
				258112B8254317BF007FCE3C /* ViewController.swift in Sources */,
				258112B4254317BF007FCE3C /* AppDelegate.swift in Sources */,
				258112B6254317BF007FCE3C /* SceneDelegate.swift in Sources */,
				258112C925431C50007FCE3C /* ImageLibraryHelper.swift in Sources */,
				259D9625254867B8009B90AA /* EXIFTableViewController.swift in Sources */,
			);
			runOnlyForDeploymentPostprocessing = 0;
		};
/* End PBXSourcesBuildPhase section */

/* Begin PBXVariantGroup section */
		258112B9254317BF007FCE3C /* Main.storyboard */ = {
			isa = PBXVariantGroup;
			children = (
				258112BA254317BF007FCE3C /* Base */,
			);
			name = Main.storyboard;
			sourceTree = "<group>";
		};
		258112BE254317C2007FCE3C /* LaunchScreen.storyboard */ = {
			isa = PBXVariantGroup;
			children = (
				258112BF254317C2007FCE3C /* Base */,
			);
			name = LaunchScreen.storyboard;
			sourceTree = "<group>";
		};
/* End PBXVariantGroup section */

/* Begin XCBuildConfiguration section */
		258112C2254317C2007FCE3C /* Debug */ = {
			isa = XCBuildConfiguration;
			buildSettings = {
				ALWAYS_SEARCH_USER_PATHS = NO;
				CLANG_ANALYZER_NONNULL = YES;
				CLANG_ANALYZER_NUMBER_OBJECT_CONVERSION = YES_AGGRESSIVE;
				CLANG_CXX_LANGUAGE_STANDARD = "gnu++14";
				CLANG_CXX_LIBRARY = "libc++";
				CLANG_ENABLE_MODULES = YES;
				CLANG_ENABLE_OBJC_ARC = YES;
				CLANG_ENABLE_OBJC_WEAK = YES;
				CLANG_WARN_BLOCK_CAPTURE_AUTORELEASING = YES;
				CLANG_WARN_BOOL_CONVERSION = YES;
				CLANG_WARN_COMMA = YES;
				CLANG_WARN_CONSTANT_CONVERSION = YES;
				CLANG_WARN_DEPRECATED_OBJC_IMPLEMENTATIONS = YES;
				CLANG_WARN_DIRECT_OBJC_ISA_USAGE = YES_ERROR;
				CLANG_WARN_DOCUMENTATION_COMMENTS = YES;
				CLANG_WARN_EMPTY_BODY = YES;
				CLANG_WARN_ENUM_CONVERSION = YES;
				CLANG_WARN_INFINITE_RECURSION = YES;
				CLANG_WARN_INT_CONVERSION = YES;
				CLANG_WARN_NON_LITERAL_NULL_CONVERSION = YES;
				CLANG_WARN_OBJC_IMPLICIT_RETAIN_SELF = YES;
				CLANG_WARN_OBJC_LITERAL_CONVERSION = YES;
				CLANG_WARN_OBJC_ROOT_CLASS = YES_ERROR;
				CLANG_WARN_QUOTED_INCLUDE_IN_FRAMEWORK_HEADER = YES;
				CLANG_WARN_RANGE_LOOP_ANALYSIS = YES;
				CLANG_WARN_STRICT_PROTOTYPES = YES;
				CLANG_WARN_SUSPICIOUS_MOVE = YES;
				CLANG_WARN_UNGUARDED_AVAILABILITY = YES_AGGRESSIVE;
				CLANG_WARN_UNREACHABLE_CODE = YES;
				CLANG_WARN__DUPLICATE_METHOD_MATCH = YES;
				COPY_PHASE_STRIP = NO;
				DEBUG_INFORMATION_FORMAT = dwarf;
				ENABLE_STRICT_OBJC_MSGSEND = YES;
				ENABLE_TESTABILITY = YES;
				GCC_C_LANGUAGE_STANDARD = gnu11;
				GCC_DYNAMIC_NO_PIC = NO;
				GCC_NO_COMMON_BLOCKS = YES;
				GCC_OPTIMIZATION_LEVEL = 0;
				GCC_PREPROCESSOR_DEFINITIONS = (
					"DEBUG=1",
					"$(inherited)",
				);
				GCC_WARN_64_TO_32_BIT_CONVERSION = YES;
				GCC_WARN_ABOUT_RETURN_TYPE = YES_ERROR;
				GCC_WARN_UNDECLARED_SELECTOR = YES;
				GCC_WARN_UNINITIALIZED_AUTOS = YES_AGGRESSIVE;
				GCC_WARN_UNUSED_FUNCTION = YES;
				GCC_WARN_UNUSED_VARIABLE = YES;
				IPHONEOS_DEPLOYMENT_TARGET = 14.1;
				MTL_ENABLE_DEBUG_INFO = INCLUDE_SOURCE;
				MTL_FAST_MATH = YES;
				ONLY_ACTIVE_ARCH = YES;
				SDKROOT = iphoneos;
				SWIFT_ACTIVE_COMPILATION_CONDITIONS = DEBUG;
				SWIFT_OPTIMIZATION_LEVEL = "-Onone";
			};
			name = Debug;
		};
		258112C3254317C2007FCE3C /* Release */ = {
			isa = XCBuildConfiguration;
			buildSettings = {
				ALWAYS_SEARCH_USER_PATHS = NO;
				CLANG_ANALYZER_NONNULL = YES;
				CLANG_ANALYZER_NUMBER_OBJECT_CONVERSION = YES_AGGRESSIVE;
				CLANG_CXX_LANGUAGE_STANDARD = "gnu++14";
				CLANG_CXX_LIBRARY = "libc++";
				CLANG_ENABLE_MODULES = YES;
				CLANG_ENABLE_OBJC_ARC = YES;
				CLANG_ENABLE_OBJC_WEAK = YES;
				CLANG_WARN_BLOCK_CAPTURE_AUTORELEASING = YES;
				CLANG_WARN_BOOL_CONVERSION = YES;
				CLANG_WARN_COMMA = YES;
				CLANG_WARN_CONSTANT_CONVERSION = YES;
				CLANG_WARN_DEPRECATED_OBJC_IMPLEMENTATIONS = YES;
				CLANG_WARN_DIRECT_OBJC_ISA_USAGE = YES_ERROR;
				CLANG_WARN_DOCUMENTATION_COMMENTS = YES;
				CLANG_WARN_EMPTY_BODY = YES;
				CLANG_WARN_ENUM_CONVERSION = YES;
				CLANG_WARN_INFINITE_RECURSION = YES;
				CLANG_WARN_INT_CONVERSION = YES;
				CLANG_WARN_NON_LITERAL_NULL_CONVERSION = YES;
				CLANG_WARN_OBJC_IMPLICIT_RETAIN_SELF = YES;
				CLANG_WARN_OBJC_LITERAL_CONVERSION = YES;
				CLANG_WARN_OBJC_ROOT_CLASS = YES_ERROR;
				CLANG_WARN_QUOTED_INCLUDE_IN_FRAMEWORK_HEADER = YES;
				CLANG_WARN_RANGE_LOOP_ANALYSIS = YES;
				CLANG_WARN_STRICT_PROTOTYPES = YES;
				CLANG_WARN_SUSPICIOUS_MOVE = YES;
				CLANG_WARN_UNGUARDED_AVAILABILITY = YES_AGGRESSIVE;
				CLANG_WARN_UNREACHABLE_CODE = YES;
				CLANG_WARN__DUPLICATE_METHOD_MATCH = YES;
				COPY_PHASE_STRIP = NO;
				DEBUG_INFORMATION_FORMAT = "dwarf-with-dsym";
				ENABLE_NS_ASSERTIONS = NO;
				ENABLE_STRICT_OBJC_MSGSEND = YES;
				GCC_C_LANGUAGE_STANDARD = gnu11;
				GCC_NO_COMMON_BLOCKS = YES;
				GCC_WARN_64_TO_32_BIT_CONVERSION = YES;
				GCC_WARN_ABOUT_RETURN_TYPE = YES_ERROR;
				GCC_WARN_UNDECLARED_SELECTOR = YES;
				GCC_WARN_UNINITIALIZED_AUTOS = YES_AGGRESSIVE;
				GCC_WARN_UNUSED_FUNCTION = YES;
				GCC_WARN_UNUSED_VARIABLE = YES;
				IPHONEOS_DEPLOYMENT_TARGET = 14.1;
				MTL_ENABLE_DEBUG_INFO = NO;
				MTL_FAST_MATH = YES;
				SDKROOT = iphoneos;
				SWIFT_COMPILATION_MODE = wholemodule;
				SWIFT_OPTIMIZATION_LEVEL = "-O";
				VALIDATE_PRODUCT = YES;
			};
			name = Release;
		};
		258112C5254317C2007FCE3C /* Debug */ = {
			isa = XCBuildConfiguration;
			buildSettings = {
				ASSETCATALOG_COMPILER_APPICON_NAME = AppIcon;
				ASSETCATALOG_COMPILER_GLOBAL_ACCENT_COLOR_NAME = AccentColor;
				CODE_SIGN_IDENTITY = "Apple Development";
				CODE_SIGN_STYLE = Automatic;
				DEVELOPMENT_TEAM = 5V4J7VM9P5;
				INFOPLIST_FILE = ExifReader/Info.plist;
				LD_RUNPATH_SEARCH_PATHS = (
					"$(inherited)",
					"@executable_path/Frameworks",
				);
				PRODUCT_BUNDLE_IDENTIFIER = com.gfrigerio.EXIFReader;
				PRODUCT_NAME = "$(TARGET_NAME)";
				PROVISIONING_PROFILE_SPECIFIER = "";
				SWIFT_VERSION = 5.0;
				TARGETED_DEVICE_FAMILY = "1,2";
			};
			name = Debug;
		};
		258112C6254317C2007FCE3C /* Release */ = {
			isa = XCBuildConfiguration;
			buildSettings = {
				ASSETCATALOG_COMPILER_APPICON_NAME = AppIcon;
				ASSETCATALOG_COMPILER_GLOBAL_ACCENT_COLOR_NAME = AccentColor;
				CODE_SIGN_IDENTITY = "Apple Development";
				CODE_SIGN_STYLE = Automatic;
				DEVELOPMENT_TEAM = 5V4J7VM9P5;
				INFOPLIST_FILE = ExifReader/Info.plist;
				LD_RUNPATH_SEARCH_PATHS = (
					"$(inherited)",
					"@executable_path/Frameworks",
				);
				PRODUCT_BUNDLE_IDENTIFIER = com.gfrigerio.EXIFReader;
				PRODUCT_NAME = "$(TARGET_NAME)";
				PROVISIONING_PROFILE_SPECIFIER = "";
				SWIFT_VERSION = 5.0;
				TARGETED_DEVICE_FAMILY = "1,2";
			};
			name = Release;
		};
/* End XCBuildConfiguration section */

/* Begin XCConfigurationList section */
		258112AB254317BF007FCE3C /* Build configuration list for PBXProject "EXIFReader" */ = {
			isa = XCConfigurationList;
			buildConfigurations = (
				258112C2254317C2007FCE3C /* Debug */,
				258112C3254317C2007FCE3C /* Release */,
			);
			defaultConfigurationIsVisible = 0;
			defaultConfigurationName = Release;
		};
		258112C4254317C2007FCE3C /* Build configuration list for PBXNativeTarget "EXIFReader" */ = {
			isa = XCConfigurationList;
			buildConfigurations = (
				258112C5254317C2007FCE3C /* Debug */,
				258112C6254317C2007FCE3C /* Release */,
			);
			defaultConfigurationIsVisible = 0;
			defaultConfigurationName = Release;
		};
/* End XCConfigurationList section */
	};
	rootObject = 258112A8254317BF007FCE3C /* Project object */;
}
